
Microsoft Visual Studio Solution File, Format Version 12.00
# Visual Studio Version 17
VisualStudioVersion = 17.2.32204.284
MinimumVisualStudioVersion = 10.0.40219.1
Project("{9A19103F-16F7-4668-BE54-9A1E7A4F7556}") = "GitUI", "GitUI.csproj", "{B0E7917F-C028-4FD4-85ED-8348AA2F6CDB}"
EndProject
Global
	GlobalSection(SolutionConfigurationPlatforms) = preSolution
		Debug|Any CPU = Debug|Any CPU
		Release|Any CPU = Release|Any CPU
	EndGlobalSection
	GlobalSection(ProjectConfigurationPlatforms) = postSolution
		{B0E7917F-C028-4FD4-85ED-8348AA2F6CDB}.Debug|Any CPU.ActiveCfg = Debug|Any CPU
		{B0E7917F-C028-4FD4-85ED-8348AA2F6CDB}.Debug|Any CPU.Build.0 = Debug|Any CPU
		{B0E7917F-C028-4FD4-85ED-8348AA2F6CDB}.Release|Any CPU.ActiveCfg = Release|Any CPU
		{B0E7917F-C028-4FD4-85ED-8348AA2F6CDB}.Release|Any CPU.Build.0 = Release|Any CPU
	EndGlobalSection
	GlobalSection(SolutionProperties) = preSolution
		HideSolutionNode = FALSE
	EndGlobalSection
	GlobalSection(ExtensibilityGlobals) = postSolution
		SolutionGuid = {F4F6B113-1AD4-48A8-A197-36A8925765ED}
	EndGlobalSection
EndGlobal
